// !$*UTF8*$!
{
	archiveVersion = 1;
	classes = {
	};
	objectVersion = 77;
	objects = {

/* Begin PBXBuildFile section */
		141BD4ADCFED30BC9773940D /* MovieWriter.swift in Sources */ = {isa = PBXBuildFile; fileRef = F80F5740B5EAE882982AE665 /* MovieWriter.swift */; };
		2031FF561BD8504AEEB93BBF /* FFmpegCompressor.swift in Sources */ = {isa = PBXBuildFile; fileRef = 34850990797E85411F010B50 /* FFmpegCompressor.swift */; };
		2B69FE8D4CCE485A16977728 /* RecordingController.swift in Sources */ = {isa = PBXBuildFile; fileRef = 6C8137A4F82513010C168075 /* RecordingController.swift */; };
		300AFD27DC0469969FC0231E /* Background.swift in Sources */ = {isa = PBXBuildFile; fileRef = 3E9CED0AFA81CD86BA272EBC /* Background.swift */; };
		3DA6C7A890276AE4F7D3D7D2 /* Wise_Tapestry_03_NAmerica_EAsia_Pink_Orange_Lg.png in Resources */ = {isa = PBXBuildFile; fileRef = 4A6659192694B9C253973D99 /* Wise_Tapestry_03_NAmerica_EAsia_Pink_Orange_Lg.png */; };
		3E13AD7E7EFBE18FF9FB0E05 /* FloatingPanel.swift in Sources */ = {isa = PBXBuildFile; fileRef = E369C03C626A504B52E5DB0D /* FloatingPanel.swift */; };
		45D2DDACD23491A59C8348B8 /* Wise_Tapestry_07_NAmerica_EAsia_Green_Blue_Yellow_Lg.png in Resources */ = {isa = PBXBuildFile; fileRef = 06AD69AB1EDEED2E8D053EE9 /* Wise_Tapestry_07_NAmerica_EAsia_Green_Blue_Yellow_Lg.png */; };
		4AF2A51AD1B3AB29776699A3 /* Wise_Tapestry_04_Europe_SEAsia_Blue_Yellow_Lg.png in Resources */ = {isa = PBXBuildFile; fileRef = DBB6B46021214CC7A6ED27BB /* Wise_Tapestry_04_Europe_SEAsia_Blue_Yellow_Lg.png */; };
		595F7A4F5F944C84E8C22B2A /* VideoCompositor.swift in Sources */ = {isa = PBXBuildFile; fileRef = 92FE49798D62F36FBF4C1D70 /* VideoCompositor.swift */; };
		5CD82B7BD2478F9D9AC8B177 /* Wise_Tapestry_10_MiddleEast_Australasia_Pink_Blue_Lg.png in Resources */ = {isa = PBXBuildFile; fileRef = D28692DC13C958D1B0730A63 /* Wise_Tapestry_10_MiddleEast_Australasia_Pink_Blue_Lg.png */; };
		6C1C2814082035CEA69959AD /* ToolbarView.swift in Sources */ = {isa = PBXBuildFile; fileRef = 94AC1BE37AE2D58BEA298128 /* ToolbarView.swift */; };
		6F32084FB0E57632943E8964 /* Wise_Tapestry_Platform_Full_Lg_v2.png in Resources */ = {isa = PBXBuildFile; fileRef = C4FDC14A1A6517C7AA30AF69 /* Wise_Tapestry_Platform_Full_Lg_v2.png */; };
		71037CA417C74B708A848DE2 /* Wise_Tapestry_05_NEurope_WAfrica_Dark_Green_Lg.png in Resources */ = {isa = PBXBuildFile; fileRef = 99F748B53B7ADC0FD5B4F6E1 /* Wise_Tapestry_05_NEurope_WAfrica_Dark_Green_Lg.png */; };
		79E490F2C6076BD6F72F4046 /* ContentView.swift in Sources */ = {isa = PBXBuildFile; fileRef = 9C844CB3520A6A8145AD310D /* ContentView.swift */; };
		811BE7271994EC316D356679 /* Wise_Tapestry_01_UK_Europe_Orange_Blue_Lg.png in Resources */ = {isa = PBXBuildFile; fileRef = EC195737A24AFDF232B53521 /* Wise_Tapestry_01_UK_Europe_Orange_Blue_Lg.png */; };
		8164766DC27BFABB9ECF70DA /* Wise_Tapestry_06_NAmerica_SAmerica_Red_Blue_Lg.png in Resources */ = {isa = PBXBuildFile; fileRef = A6206A02A3D62BF67A2ED300 /* Wise_Tapestry_06_NAmerica_SAmerica_Red_Blue_Lg.png */; };
		8B6F732E4B1E9AB2646CD006 /* Wise_Tapestry_02_Australasia_SAsia_Aqua_Purple_Lg.png in Resources */ = {isa = PBXBuildFile; fileRef = 448EDE180F915472088C705D /* Wise_Tapestry_02_Australasia_SAsia_Aqua_Purple_Lg.png */; };
		94FC069BF797D8345DF7EF2B /* ScreenCaptureManager.swift in Sources */ = {isa = PBXBuildFile; fileRef = BAE42C6C263C7755F5CAB712 /* ScreenCaptureManager.swift */; };
		9E9665C8019EB96875D7E12C /* CameraPreviewController.swift in Sources */ = {isa = PBXBuildFile; fileRef = C0A07A836A005B8D4AC49C0E /* CameraPreviewController.swift */; };
		ABB95AA65CC4B57FCC4695B6 /* Wise_Tapestry_09_C+SAmerica_Europe_Pink_Yellow_Lg.png in Resources */ = {isa = PBXBuildFile; fileRef = 2BBADE8ED4D802119F57DDDD /* Wise_Tapestry_09_C+SAmerica_Europe_Pink_Yellow_Lg.png */; };
		CAE9D98B584174B1FEF26AE9 /* WindowPicker.swift in Sources */ = {isa = PBXBuildFile; fileRef = 5077551456F714D491D58EB1 /* WindowPicker.swift */; };
		D9EF52E8250284D272B6AF69 /* PennyWiseApp.swift in Sources */ = {isa = PBXBuildFile; fileRef = D16CE3C53AA197EBC281E99A /* PennyWiseApp.swift */; };
		E25BF81E467575190C8E39AC /* Wise_Tapestry_08_NAfrica_Europe_Green_Yellow_Orange_Lg.png in Resources */ = {isa = PBXBuildFile; fileRef = 5B92E33D3DA8E249AC2AA45A /* Wise_Tapestry_08_NAfrica_Europe_Green_Yellow_Orange_Lg.png */; };
		E56AA6E77E40B00F7D409809 /* Permissions.swift in Sources */ = {isa = PBXBuildFile; fileRef = 7331FF2CB03B5E5FA38A6E04 /* Permissions.swift */; };
		E664CA189FB04B9CD64F5759 /* TooltipController.swift in Sources */ = {isa = PBXBuildFile; fileRef = 94F4B71074DE5A9585A18F4D /* TooltipController.swift */; };
		E75720F2B2F545ECE5992B70 /* CameraCaptureManager.swift in Sources */ = {isa = PBXBuildFile; fileRef = 7E1574A42E5309D727205741 /* CameraCaptureManager.swift */; };
		F4B152A08F7A895195533C7C /* AudioMixer.swift in Sources */ = {isa = PBXBuildFile; fileRef = 8408F4AF6C61F38E414FBB80 /* AudioMixer.swift */; };
/* End PBXBuildFile section */

/* Begin PBXFileReference section */
		06AD69AB1EDEED2E8D053EE9 /* Wise_Tapestry_07_NAmerica_EAsia_Green_Blue_Yellow_Lg.png */ = {isa = PBXFileReference; lastKnownFileType = image.png; path = Wise_Tapestry_07_NAmerica_EAsia_Green_Blue_Yellow_Lg.png; sourceTree = "<group>"; };
		2BBADE8ED4D802119F57DDDD /* Wise_Tapestry_09_C+SAmerica_Europe_Pink_Yellow_Lg.png */ = {isa = PBXFileReference; lastKnownFileType = image.png; path = "Wise_Tapestry_09_C+SAmerica_Europe_Pink_Yellow_Lg.png"; sourceTree = "<group>"; };
		34850990797E85411F010B50 /* FFmpegCompressor.swift */ = {isa = PBXFileReference; lastKnownFileType = sourcecode.swift; path = FFmpegCompressor.swift; sourceTree = "<group>"; };
		3E9CED0AFA81CD86BA272EBC /* Background.swift */ = {isa = PBXFileReference; lastKnownFileType = sourcecode.swift; path = Background.swift; sourceTree = "<group>"; };
		448EDE180F915472088C705D /* Wise_Tapestry_02_Australasia_SAsia_Aqua_Purple_Lg.png */ = {isa = PBXFileReference; lastKnownFileType = image.png; path = Wise_Tapestry_02_Australasia_SAsia_Aqua_Purple_Lg.png; sourceTree = "<group>"; };
		4A6659192694B9C253973D99 /* Wise_Tapestry_03_NAmerica_EAsia_Pink_Orange_Lg.png */ = {isa = PBXFileReference; lastKnownFileType = image.png; path = Wise_Tapestry_03_NAmerica_EAsia_Pink_Orange_Lg.png; sourceTree = "<group>"; };
		5077551456F714D491D58EB1 /* WindowPicker.swift */ = {isa = PBXFileReference; lastKnownFileType = sourcecode.swift; path = WindowPicker.swift; sourceTree = "<group>"; };
		59C1363E3911AF88EB27EC43 /* PennyWise.app */ = {isa = PBXFileReference; explicitFileType = wrapper.application; includeInIndex = 0; path = PennyWise.app; sourceTree = BUILT_PRODUCTS_DIR; };
		5B92E33D3DA8E249AC2AA45A /* Wise_Tapestry_08_NAfrica_Europe_Green_Yellow_Orange_Lg.png */ = {isa = PBXFileReference; lastKnownFileType = image.png; path = Wise_Tapestry_08_NAfrica_Europe_Green_Yellow_Orange_Lg.png; sourceTree = "<group>"; };
		6C8137A4F82513010C168075 /* RecordingController.swift */ = {isa = PBXFileReference; lastKnownFileType = sourcecode.swift; path = RecordingController.swift; sourceTree = "<group>"; };
		7331FF2CB03B5E5FA38A6E04 /* Permissions.swift */ = {isa = PBXFileReference; lastKnownFileType = sourcecode.swift; path = Permissions.swift; sourceTree = "<group>"; };
		7E1574A42E5309D727205741 /* CameraCaptureManager.swift */ = {isa = PBXFileReference; lastKnownFileType = sourcecode.swift; path = CameraCaptureManager.swift; sourceTree = "<group>"; };
		8408F4AF6C61F38E414FBB80 /* AudioMixer.swift */ = {isa = PBXFileReference; lastKnownFileType = sourcecode.swift; path = AudioMixer.swift; sourceTree = "<group>"; };
		92FE49798D62F36FBF4C1D70 /* VideoCompositor.swift */ = {isa = PBXFileReference; lastKnownFileType = sourcecode.swift; path = VideoCompositor.swift; sourceTree = "<group>"; };
		94AC1BE37AE2D58BEA298128 /* ToolbarView.swift */ = {isa = PBXFileReference; lastKnownFileType = sourcecode.swift; path = ToolbarView.swift; sourceTree = "<group>"; };
		94F4B71074DE5A9585A18F4D /* TooltipController.swift */ = {isa = PBXFileReference; lastKnownFileType = sourcecode.swift; path = TooltipController.swift; sourceTree = "<group>"; };
		99F748B53B7ADC0FD5B4F6E1 /* Wise_Tapestry_05_NEurope_WAfrica_Dark_Green_Lg.png */ = {isa = PBXFileReference; lastKnownFileType = image.png; path = Wise_Tapestry_05_NEurope_WAfrica_Dark_Green_Lg.png; sourceTree = "<group>"; };
		9C844CB3520A6A8145AD310D /* ContentView.swift */ = {isa = PBXFileReference; lastKnownFileType = sourcecode.swift; path = ContentView.swift; sourceTree = "<group>"; };
		A6206A02A3D62BF67A2ED300 /* Wise_Tapestry_06_NAmerica_SAmerica_Red_Blue_Lg.png */ = {isa = PBXFileReference; lastKnownFileType = image.png; path = Wise_Tapestry_06_NAmerica_SAmerica_Red_Blue_Lg.png; sourceTree = "<group>"; };
		BAE42C6C263C7755F5CAB712 /* ScreenCaptureManager.swift */ = {isa = PBXFileReference; lastKnownFileType = sourcecode.swift; path = ScreenCaptureManager.swift; sourceTree = "<group>"; };
		C0A07A836A005B8D4AC49C0E /* CameraPreviewController.swift */ = {isa = PBXFileReference; lastKnownFileType = sourcecode.swift; path = CameraPreviewController.swift; sourceTree = "<group>"; };
		C4FDC14A1A6517C7AA30AF69 /* Wise_Tapestry_Platform_Full_Lg_v2.png */ = {isa = PBXFileReference; lastKnownFileType = image.png; path = Wise_Tapestry_Platform_Full_Lg_v2.png; sourceTree = "<group>"; };
		D16CE3C53AA197EBC281E99A /* PennyWiseApp.swift */ = {isa = PBXFileReference; lastKnownFileType = sourcecode.swift; path = PennyWiseApp.swift; sourceTree = "<group>"; };
		D28692DC13C958D1B0730A63 /* Wise_Tapestry_10_MiddleEast_Australasia_Pink_Blue_Lg.png */ = {isa = PBXFileReference; lastKnownFileType = image.png; path = Wise_Tapestry_10_MiddleEast_Australasia_Pink_Blue_Lg.png; sourceTree = "<group>"; };
		DBB6B46021214CC7A6ED27BB /* Wise_Tapestry_04_Europe_SEAsia_Blue_Yellow_Lg.png */ = {isa = PBXFileReference; lastKnownFileType = image.png; path = Wise_Tapestry_04_Europe_SEAsia_Blue_Yellow_Lg.png; sourceTree = "<group>"; };
		E369C03C626A504B52E5DB0D /* FloatingPanel.swift */ = {isa = PBXFileReference; lastKnownFileType = sourcecode.swift; path = FloatingPanel.swift; sourceTree = "<group>"; };
		EC195737A24AFDF232B53521 /* Wise_Tapestry_01_UK_Europe_Orange_Blue_Lg.png */ = {isa = PBXFileReference; lastKnownFileType = image.png; path = Wise_Tapestry_01_UK_Europe_Orange_Blue_Lg.png; sourceTree = "<group>"; };
		F80F5740B5EAE882982AE665 /* MovieWriter.swift */ = {isa = PBXFileReference; lastKnownFileType = sourcecode.swift; path = MovieWriter.swift; sourceTree = "<group>"; };
/* End PBXFileReference section */

/* Begin PBXGroup section */
		1D688AC64790FC7C8B3B2C1E /* Tapestries */ = {
			isa = PBXGroup;
			children = (
				EC195737A24AFDF232B53521 /* Wise_Tapestry_01_UK_Europe_Orange_Blue_Lg.png */,
				448EDE180F915472088C705D /* Wise_Tapestry_02_Australasia_SAsia_Aqua_Purple_Lg.png */,
				4A6659192694B9C253973D99 /* Wise_Tapestry_03_NAmerica_EAsia_Pink_Orange_Lg.png */,
				DBB6B46021214CC7A6ED27BB /* Wise_Tapestry_04_Europe_SEAsia_Blue_Yellow_Lg.png */,
				99F748B53B7ADC0FD5B4F6E1 /* Wise_Tapestry_05_NEurope_WAfrica_Dark_Green_Lg.png */,
				A6206A02A3D62BF67A2ED300 /* Wise_Tapestry_06_NAmerica_SAmerica_Red_Blue_Lg.png */,
				06AD69AB1EDEED2E8D053EE9 /* Wise_Tapestry_07_NAmerica_EAsia_Green_Blue_Yellow_Lg.png */,
				5B92E33D3DA8E249AC2AA45A /* Wise_Tapestry_08_NAfrica_Europe_Green_Yellow_Orange_Lg.png */,
				2BBADE8ED4D802119F57DDDD /* Wise_Tapestry_09_C+SAmerica_Europe_Pink_Yellow_Lg.png */,
				D28692DC13C958D1B0730A63 /* Wise_Tapestry_10_MiddleEast_Australasia_Pink_Blue_Lg.png */,
				C4FDC14A1A6517C7AA30AF69 /* Wise_Tapestry_Platform_Full_Lg_v2.png */,
			);
			path = Tapestries;
			sourceTree = "<group>";
		};
		6059CEFC64443B4C126BB99E /* Products */ = {
			isa = PBXGroup;
			children = (
				59C1363E3911AF88EB27EC43 /* PennyWise.app */,
			);
			name = Products;
			sourceTree = "<group>";
		};
		690A4B40BD56E6D6F4DA4E7B /* Sources */ = {
			isa = PBXGroup;
			children = (
				8408F4AF6C61F38E414FBB80 /* AudioMixer.swift */,
				3E9CED0AFA81CD86BA272EBC /* Background.swift */,
				7E1574A42E5309D727205741 /* CameraCaptureManager.swift */,
				C0A07A836A005B8D4AC49C0E /* CameraPreviewController.swift */,
				9C844CB3520A6A8145AD310D /* ContentView.swift */,
				34850990797E85411F010B50 /* FFmpegCompressor.swift */,
				E369C03C626A504B52E5DB0D /* FloatingPanel.swift */,
				F80F5740B5EAE882982AE665 /* MovieWriter.swift */,
				D16CE3C53AA197EBC281E99A /* PennyWiseApp.swift */,
				7331FF2CB03B5E5FA38A6E04 /* Permissions.swift */,
				6C8137A4F82513010C168075 /* RecordingController.swift */,
				BAE42C6C263C7755F5CAB712 /* ScreenCaptureManager.swift */,
				94AC1BE37AE2D58BEA298128 /* ToolbarView.swift */,
				94F4B71074DE5A9585A18F4D /* TooltipController.swift */,
				92FE49798D62F36FBF4C1D70 /* VideoCompositor.swift */,
				5077551456F714D491D58EB1 /* WindowPicker.swift */,
				1D688AC64790FC7C8B3B2C1E /* Tapestries */,
			);
			path = Sources;
			sourceTree = "<group>";
		};
		B2DC448CBBBDB36AE2D957D8 = {
			isa = PBXGroup;
			children = (
				690A4B40BD56E6D6F4DA4E7B /* Sources */,
				6059CEFC64443B4C126BB99E /* Products */,
			);
			sourceTree = "<group>";
		};
/* End PBXGroup section */

/* Begin PBXNativeTarget section */
		644A32E24CFFFFC572F370D8 /* PennyWise */ = {
			isa = PBXNativeTarget;
			buildConfigurationList = 1819540B8C0229A2945A022D /* Build configuration list for PBXNativeTarget "PennyWise" */;
			buildPhases = (
				E9E83C762C9E54937E581485 /* Sources */,
				21DFE03EF731FCBC163F019F /* Resources */,
			);
			buildRules = (
			);
			dependencies = (
			);
			name = PennyWise;
			packageProductDependencies = (
			);
			productName = PennyWise;
			productReference = 59C1363E3911AF88EB27EC43 /* PennyWise.app */;
			productType = "com.apple.product-type.application";
		};
/* End PBXNativeTarget section */

/* Begin PBXProject section */
		586A1E512CF90CC39B076A41 /* Project object */ = {
			isa = PBXProject;
			attributes = {
				BuildIndependentTargetsInParallel = YES;
				LastUpgradeCheck = 1430;
				TargetAttributes = {
					644A32E24CFFFFC572F370D8 = {
						DevelopmentTeam = 43HHN9A4KG;
						ProvisioningStyle = Manual;
					};
				};
			};
			buildConfigurationList = 915B1C40DC8D59D1A351CFDC /* Build configuration list for PBXProject "PennyWise" */;
			developmentRegion = en;
			hasScannedForEncodings = 0;
			knownRegions = (
				Base,
				en,
			);
			mainGroup = B2DC448CBBBDB36AE2D957D8;
			minimizedProjectReferenceProxies = 1;
			preferredProjectObjectVersion = 77;
			productRefGroup = 6059CEFC64443B4C126BB99E /* Products */;
			projectDirPath = "";
			projectRoot = "";
			targets = (
				644A32E24CFFFFC572F370D8 /* PennyWise */,
			);
		};
/* End PBXProject section */

/* Begin PBXResourcesBuildPhase section */
		21DFE03EF731FCBC163F019F /* Resources */ = {
			isa = PBXResourcesBuildPhase;
			buildActionMask = 2147483647;
			files = (
				811BE7271994EC316D356679 /* Wise_Tapestry_01_UK_Europe_Orange_Blue_Lg.png in Resources */,
				8B6F732E4B1E9AB2646CD006 /* Wise_Tapestry_02_Australasia_SAsia_Aqua_Purple_Lg.png in Resources */,
				3DA6C7A890276AE4F7D3D7D2 /* Wise_Tapestry_03_NAmerica_EAsia_Pink_Orange_Lg.png in Resources */,
				4AF2A51AD1B3AB29776699A3 /* Wise_Tapestry_04_Europe_SEAsia_Blue_Yellow_Lg.png in Resources */,
				71037CA417C74B708A848DE2 /* Wise_Tapestry_05_NEurope_WAfrica_Dark_Green_Lg.png in Resources */,
				8164766DC27BFABB9ECF70DA /* Wise_Tapestry_06_NAmerica_SAmerica_Red_Blue_Lg.png in Resources */,
				45D2DDACD23491A59C8348B8 /* Wise_Tapestry_07_NAmerica_EAsia_Green_Blue_Yellow_Lg.png in Resources */,
				E25BF81E467575190C8E39AC /* Wise_Tapestry_08_NAfrica_Europe_Green_Yellow_Orange_Lg.png in Resources */,
				ABB95AA65CC4B57FCC4695B6 /* Wise_Tapestry_09_C+SAmerica_Europe_Pink_Yellow_Lg.png in Resources */,
				5CD82B7BD2478F9D9AC8B177 /* Wise_Tapestry_10_MiddleEast_Australasia_Pink_Blue_Lg.png in Resources */,
				6F32084FB0E57632943E8964 /* Wise_Tapestry_Platform_Full_Lg_v2.png in Resources */,
			);
			runOnlyForDeploymentPostprocessing = 0;
		};
/* End PBXResourcesBuildPhase section */

/* Begin PBXSourcesBuildPhase section */
		E9E83C762C9E54937E581485 /* Sources */ = {
			isa = PBXSourcesBuildPhase;
			buildActionMask = 2147483647;
			files = (
				F4B152A08F7A895195533C7C /* AudioMixer.swift in Sources */,
				300AFD27DC0469969FC0231E /* Background.swift in Sources */,
				E75720F2B2F545ECE5992B70 /* CameraCaptureManager.swift in Sources */,
				9E9665C8019EB96875D7E12C /* CameraPreviewController.swift in Sources */,
				79E490F2C6076BD6F72F4046 /* ContentView.swift in Sources */,
				2031FF561BD8504AEEB93BBF /* FFmpegCompressor.swift in Sources */,
				3E13AD7E7EFBE18FF9FB0E05 /* FloatingPanel.swift in Sources */,
				141BD4ADCFED30BC9773940D /* MovieWriter.swift in Sources */,
				D9EF52E8250284D272B6AF69 /* PennyWiseApp.swift in Sources */,
				E56AA6E77E40B00F7D409809 /* Permissions.swift in Sources */,
				2B69FE8D4CCE485A16977728 /* RecordingController.swift in Sources */,
				94FC069BF797D8345DF7EF2B /* ScreenCaptureManager.swift in Sources */,
				6C1C2814082035CEA69959AD /* ToolbarView.swift in Sources */,
				E664CA189FB04B9CD64F5759 /* TooltipController.swift in Sources */,
				595F7A4F5F944C84E8C22B2A /* VideoCompositor.swift in Sources */,
				CAE9D98B584174B1FEF26AE9 /* WindowPicker.swift in Sources */,
			);
			runOnlyForDeploymentPostprocessing = 0;
		};
/* End PBXSourcesBuildPhase section */

/* Begin XCBuildConfiguration section */
		1284574870773047485A2F85 /* Debug */ = {
			isa = XCBuildConfiguration;
			buildSettings = {
				ALWAYS_SEARCH_USER_PATHS = NO;
				CLANG_ANALYZER_NONNULL = YES;
				CLANG_ANALYZER_NUMBER_OBJECT_CONVERSION = YES_AGGRESSIVE;
				CLANG_CXX_LANGUAGE_STANDARD = "gnu++14";
				CLANG_CXX_LIBRARY = "libc++";
				CLANG_ENABLE_MODULES = YES;
				CLANG_ENABLE_OBJC_ARC = YES;
				CLANG_ENABLE_OBJC_WEAK = YES;
				CLANG_WARN_BLOCK_CAPTURE_AUTORELEASING = YES;
				CLANG_WARN_BOOL_CONVERSION = YES;
				CLANG_WARN_COMMA = YES;
				CLANG_WARN_CONSTANT_CONVERSION = YES;
				CLANG_WARN_DEPRECATED_OBJC_IMPLEMENTATIONS = YES;
				CLANG_WARN_DIRECT_OBJC_ISA_USAGE = YES_ERROR;
				CLANG_WARN_DOCUMENTATION_COMMENTS = YES;
				CLANG_WARN_EMPTY_BODY = YES;
				CLANG_WARN_ENUM_CONVERSION = YES;
				CLANG_WARN_INFINITE_RECURSION = YES;
				CLANG_WARN_INT_CONVERSION = YES;
				CLANG_WARN_NON_LITERAL_NULL_CONVERSION = YES;
				CLANG_WARN_OBJC_IMPLICIT_RETAIN_SELF = YES;
				CLANG_WARN_OBJC_LITERAL_CONVERSION = YES;
				CLANG_WARN_OBJC_ROOT_CLASS = YES_ERROR;
				CLANG_WARN_QUOTED_INCLUDE_IN_FRAMEWORK_HEADER = YES;
				CLANG_WARN_RANGE_LOOP_ANALYSIS = YES;
				CLANG_WARN_STRICT_PROTOTYPES = YES;
				CLANG_WARN_SUSPICIOUS_MOVE = YES;
				CLANG_WARN_UNGUARDED_AVAILABILITY = YES_AGGRESSIVE;
				CLANG_WARN_UNREACHABLE_CODE = YES;
				CLANG_WARN__DUPLICATE_METHOD_MATCH = YES;
				CODE_SIGN_IDENTITY = "Apple Development";
				CODE_SIGN_STYLE = Manual;
				COPY_PHASE_STRIP = NO;
				CURRENT_PROJECT_VERSION = 1;
				DEBUG_INFORMATION_FORMAT = dwarf;
				DEVELOPMENT_TEAM = 43HHN9A4KG;
				ENABLE_HARDENED_RUNTIME = YES;
				ENABLE_STRICT_OBJC_MSGSEND = YES;
				ENABLE_TESTABILITY = YES;
				GCC_C_LANGUAGE_STANDARD = gnu11;
				GCC_DYNAMIC_NO_PIC = NO;
				GCC_NO_COMMON_BLOCKS = YES;
				GCC_OPTIMIZATION_LEVEL = 0;
				GCC_PREPROCESSOR_DEFINITIONS = (
					"$(inherited)",
					"DEBUG=1",
				);
				GCC_WARN_64_TO_32_BIT_CONVERSION = YES;
				GCC_WARN_ABOUT_RETURN_TYPE = YES_ERROR;
				GCC_WARN_UNDECLARED_SELECTOR = YES;
				GCC_WARN_UNINITIALIZED_AUTOS = YES_AGGRESSIVE;
				GCC_WARN_UNUSED_FUNCTION = YES;
				GCC_WARN_UNUSED_VARIABLE = YES;
				MACOSX_DEPLOYMENT_TARGET = 15.0;
				MARKETING_VERSION = 0.1.0;
				MTL_ENABLE_DEBUG_INFO = INCLUDE_SOURCE;
				MTL_FAST_MATH = YES;
				ONLY_ACTIVE_ARCH = YES;
				PRODUCT_NAME = PennyWise;
				SDKROOT = macosx;
				SWIFT_ACTIVE_COMPILATION_CONDITIONS = DEBUG;
				SWIFT_OPTIMIZATION_LEVEL = "-Onone";
				SWIFT_VERSION = 5.0;
			};
			name = Debug;
		};
		2AC29361D3DCD3D11C0C78C4 /* Debug */ = {
			isa = XCBuildConfiguration;
			buildSettings = {
				ASSETCATALOG_COMPILER_APPICON_NAME = "";
				CODE_SIGN_ENTITLEMENTS = PennyWise.entitlements;
				COMBINE_HIDPI_IMAGES = YES;
				ENABLE_APP_SANDBOX = NO;
				GENERATE_INFOPLIST_FILE = NO;
				INFOPLIST_FILE = Info.plist;
				LD_RUNPATH_SEARCH_PATHS = (
					"$(inherited)",
					"@executable_path/../Frameworks",
				);
				MACOSX_DEPLOYMENT_TARGET = 15.0;
				PRODUCT_BUNDLE_IDENTIFIER = com.pennywise.PennyWise;
				SDKROOT = macosx;
				SWIFT_STRICT_CONCURRENCY = minimal;
				SWIFT_VERSION = 5.0;
			};
			name = Debug;
		};
		7FE45DEA16F5A46217E33539 /* Release */ = {
			isa = XCBuildConfiguration;
			buildSettings = {
				ALWAYS_SEARCH_USER_PATHS = NO;
				CLANG_ANALYZER_NONNULL = YES;
				CLANG_ANALYZER_NUMBER_OBJECT_CONVERSION = YES_AGGRESSIVE;
				CLANG_CXX_LANGUAGE_STANDARD = "gnu++14";
				CLANG_CXX_LIBRARY = "libc++";
				CLANG_ENABLE_MODULES = YES;
				CLANG_ENABLE_OBJC_ARC = YES;
				CLANG_ENABLE_OBJC_WEAK = YES;
				CLANG_WARN_BLOCK_CAPTURE_AUTORELEASING = YES;
				CLANG_WARN_BOOL_CONVERSION = YES;
				CLANG_WARN_COMMA = YES;
				CLANG_WARN_CONSTANT_CONVERSION = YES;
				CLANG_WARN_DEPRECATED_OBJC_IMPLEMENTATIONS = YES;
				CLANG_WARN_DIRECT_OBJC_ISA_USAGE = YES_ERROR;
				CLANG_WARN_DOCUMENTATION_COMMENTS = YES;
				CLANG_WARN_EMPTY_BODY = YES;
				CLANG_WARN_ENUM_CONVERSION = YES;
				CLANG_WARN_INFINITE_RECURSION = YES;
				CLANG_WARN_INT_CONVERSION = YES;
				CLANG_WARN_NON_LITERAL_NULL_CONVERSION = YES;
				CLANG_WARN_OBJC_IMPLICIT_RETAIN_SELF = YES;
				CLANG_WARN_OBJC_LITERAL_CONVERSION = YES;
				CLANG_WARN_OBJC_ROOT_CLASS = YES_ERROR;
				CLANG_WARN_QUOTED_INCLUDE_IN_FRAMEWORK_HEADER = YES;
				CLANG_WARN_RANGE_LOOP_ANALYSIS = YES;
				CLANG_WARN_STRICT_PROTOTYPES = YES;
				CLANG_WARN_SUSPICIOUS_MOVE = YES;
				CLANG_WARN_UNGUARDED_AVAILABILITY = YES_AGGRESSIVE;
				CLANG_WARN_UNREACHABLE_CODE = YES;
				CLANG_WARN__DUPLICATE_METHOD_MATCH = YES;
				CODE_SIGN_IDENTITY = "Apple Development";
				CODE_SIGN_STYLE = Manual;
				COPY_PHASE_STRIP = NO;
				CURRENT_PROJECT_VERSION = 1;
				DEBUG_INFORMATION_FORMAT = "dwarf-with-dsym";
				DEVELOPMENT_TEAM = 43HHN9A4KG;
				ENABLE_HARDENED_RUNTIME = YES;
				ENABLE_NS_ASSERTIONS = NO;
				ENABLE_STRICT_OBJC_MSGSEND = YES;
				GCC_C_LANGUAGE_STANDARD = gnu11;
				GCC_NO_COMMON_BLOCKS = YES;
				GCC_WARN_64_TO_32_BIT_CONVERSION = YES;
				GCC_WARN_ABOUT_RETURN_TYPE = YES_ERROR;
				GCC_WARN_UNDECLARED_SELECTOR = YES;
				GCC_WARN_UNINITIALIZED_AUTOS = YES_AGGRESSIVE;
				GCC_WARN_UNUSED_FUNCTION = YES;
				GCC_WARN_UNUSED_VARIABLE = YES;
				MACOSX_DEPLOYMENT_TARGET = 15.0;
				MARKETING_VERSION = 0.1.0;
				MTL_ENABLE_DEBUG_INFO = NO;
				MTL_FAST_MATH = YES;
				PRODUCT_NAME = PennyWise;
				SDKROOT = macosx;
				SWIFT_COMPILATION_MODE = wholemodule;
				SWIFT_OPTIMIZATION_LEVEL = "-O";
				SWIFT_VERSION = 5.0;
			};
			name = Release;
		};
		FC81D03184B666701E7679F9 /* Release */ = {
			isa = XCBuildConfiguration;
			buildSettings = {
				ASSETCATALOG_COMPILER_APPICON_NAME = "";
				CODE_SIGN_ENTITLEMENTS = PennyWise.entitlements;
				COMBINE_HIDPI_IMAGES = YES;
				ENABLE_APP_SANDBOX = NO;
				GENERATE_INFOPLIST_FILE = NO;
				INFOPLIST_FILE = Info.plist;
				LD_RUNPATH_SEARCH_PATHS = (
					"$(inherited)",
					"@executable_path/../Frameworks",
				);
				MACOSX_DEPLOYMENT_TARGET = 15.0;
				PRODUCT_BUNDLE_IDENTIFIER = com.pennywise.PennyWise;
				SDKROOT = macosx;
				SWIFT_STRICT_CONCURRENCY = minimal;
				SWIFT_VERSION = 5.0;
			};
			name = Release;
		};
/* End XCBuildConfiguration section */

/* Begin XCConfigurationList section */
		1819540B8C0229A2945A022D /* Build configuration list for PBXNativeTarget "PennyWise" */ = {
			isa = XCConfigurationList;
			buildConfigurations = (
				2AC29361D3DCD3D11C0C78C4 /* Debug */,
				FC81D03184B666701E7679F9 /* Release */,
			);
			defaultConfigurationIsVisible = 0;
			defaultConfigurationName = Debug;
		};
		915B1C40DC8D59D1A351CFDC /* Build configuration list for PBXProject "PennyWise" */ = {
			isa = XCConfigurationList;
			buildConfigurations = (
				1284574870773047485A2F85 /* Debug */,
				7FE45DEA16F5A46217E33539 /* Release */,
			);
			defaultConfigurationIsVisible = 0;
			defaultConfigurationName = Debug;
		};
/* End XCConfigurationList section */
	};
	rootObject = 586A1E512CF90CC39B076A41 /* Project object */;
}
